
Microsoft Visual Studio Solution File, Format Version 12.00
# Visual Studio Version 17
VisualStudioVersion = 17.0.31919.166
MinimumVisualStudioVersion = 10.0.40219.1
Project("{FAE04EC0-301F-11D3-BF4B-00C04F79EFBC}") = "API", "API\API.csproj", "{7FA76F45-482D-4108-86BD-3B2E6A6BF6D5}"
EndProject
Project("{FAE04EC0-301F-11D3-BF4B-00C04F79EFBC}") = "Domain", "Domain\Domain.csproj", "{1C982322-5FDF-4AE3-A1E2-57E60FDA5680}"
EndProject
Project("{FAE04EC0-301F-11D3-BF4B-00C04F79EFBC}") = "Application", "Application\Application.csproj", "{8FBAF0FC-8D69-4B17-9DFA-BE1480AEC610}"
EndProject
Project("{FAE04EC0-301F-11D3-BF4B-00C04F79EFBC}") = "Persistence", "Persistence\Persistence.csproj", "{52FAC761-3520-4A0C-BC47-D9A8AB8174B5}"
EndProject
Global
	GlobalSection(SolutionConfigurationPlatforms) = preSolution
		Debug|Any CPU = Debug|Any CPU
		Release|Any CPU = Release|Any CPU
	EndGlobalSection
	GlobalSection(ProjectConfigurationPlatforms) = postSolution
		{7FA76F45-482D-4108-86BD-3B2E6A6BF6D5}.Debug|Any CPU.ActiveCfg = Debug|Any CPU
		{7FA76F45-482D-4108-86BD-3B2E6A6BF6D5}.Debug|Any CPU.Build.0 = Debug|Any CPU
		{7FA76F45-482D-4108-86BD-3B2E6A6BF6D5}.Release|Any CPU.ActiveCfg = Release|Any CPU
		{7FA76F45-482D-4108-86BD-3B2E6A6BF6D5}.Release|Any CPU.Build.0 = Release|Any CPU
		{1C982322-5FDF-4AE3-A1E2-57E60FDA5680}.Debug|Any CPU.ActiveCfg = Debug|Any CPU
		{1C982322-5FDF-4AE3-A1E2-57E60FDA5680}.Debug|Any CPU.Build.0 = Debug|Any CPU
		{1C982322-5FDF-4AE3-A1E2-57E60FDA5680}.Release|Any CPU.ActiveCfg = Release|Any CPU
		{1C982322-5FDF-4AE3-A1E2-57E60FDA5680}.Release|Any CPU.Build.0 = Release|Any CPU
		{8FBAF0FC-8D69-4B17-9DFA-BE1480AEC610}.Debug|Any CPU.ActiveCfg = Debug|Any CPU
		{8FBAF0FC-8D69-4B17-9DFA-BE1480AEC610}.Debug|Any CPU.Build.0 = Debug|Any CPU
		{8FBAF0FC-8D69-4B17-9DFA-BE1480AEC610}.Release|Any CPU.ActiveCfg = Release|Any CPU
		{8FBAF0FC-8D69-4B17-9DFA-BE1480AEC610}.Release|Any CPU.Build.0 = Release|Any CPU
		{52FAC761-3520-4A0C-BC47-D9A8AB8174B5}.Debug|Any CPU.ActiveCfg = Debug|Any CPU
		{52FAC761-3520-4A0C-BC47-D9A8AB8174B5}.Debug|Any CPU.Build.0 = Debug|Any CPU
		{52FAC761-3520-4A0C-BC47-D9A8AB8174B5}.Release|Any CPU.ActiveCfg = Release|Any CPU
		{52FAC761-3520-4A0C-BC47-D9A8AB8174B5}.Release|Any CPU.Build.0 = Release|Any CPU
	EndGlobalSection
	GlobalSection(SolutionProperties) = preSolution
		HideSolutionNode = FALSE
	EndGlobalSection
	GlobalSection(ExtensibilityGlobals) = postSolution
		SolutionGuid = {0340D959-69BE-4845-9BC9-0A50A9F44197}
	EndGlobalSection
EndGlobal
